
Microsoft Visual Studio Solution File, Format Version 12.00
# Visual Studio Version 16
VisualStudioVersion = 16.0.30204.135
MinimumVisualStudioVersion = 10.0.40219.1
Project("{FAE04EC0-301F-11D3-BF4B-00C04F79EFBC}") = "FileManagement", "FileManagement\FileManagement.csproj", "{3E928997-A04B-4BEA-B15B-BA2F3C2F78C0}"
EndProject
Global
	GlobalSection(SolutionConfigurationPlatforms) = preSolution
		Debug|Any CPU = Debug|Any CPU
		Release|Any CPU = Release|Any CPU
	EndGlobalSection
	GlobalSection(ProjectConfigurationPlatforms) = postSolution
		{3E928997-A04B-4BEA-B15B-BA2F3C2F78C0}.Debug|Any CPU.ActiveCfg = Debug|Any CPU
		{3E928997-A04B-4BEA-B15B-BA2F3C2F78C0}.Debug|Any CPU.Build.0 = Debug|Any CPU
		{3E928997-A04B-4BEA-B15B-BA2F3C2F78C0}.Release|Any CPU.ActiveCfg = Release|Any CPU
		{3E928997-A04B-4BEA-B15B-BA2F3C2F78C0}.Release|Any CPU.Build.0 = Release|Any CPU
	EndGlobalSection
	GlobalSection(SolutionProperties) = preSolution
		HideSolutionNode = FALSE
	EndGlobalSection
	GlobalSection(ExtensibilityGlobals) = postSolution
		SolutionGuid = {9AFA9E42-3698-4548-9780-2D8873CBEE55}
	EndGlobalSection
EndGlobal
